
Microsoft Visual Studio Solution File, Format Version 12.00
# Visual Studio Version 16
VisualStudioVersion = 16.0.29318.209
MinimumVisualStudioVersion = 10.0.40219.1
Project("{FAE04EC0-301F-11D3-BF4B-00C04F79EFBC}") = "DatingApp.API", "DatingApp.API\DatingApp.API.csproj", "{8A2F8F51-3DDD-45E4-BF76-2D52D604DB64}"
EndProject
Global
	GlobalSection(SolutionConfigurationPlatforms) = preSolution
		Debug|Any CPU = Debug|Any CPU
		Release|Any CPU = Release|Any CPU
	EndGlobalSection
	GlobalSection(ProjectConfigurationPlatforms) = postSolution
		{8A2F8F51-3DDD-45E4-BF76-2D52D604DB64}.Debug|Any CPU.ActiveCfg = Debug|Any CPU
		{8A2F8F51-3DDD-45E4-BF76-2D52D604DB64}.Debug|Any CPU.Build.0 = Debug|Any CPU
		{8A2F8F51-3DDD-45E4-BF76-2D52D604DB64}.Release|Any CPU.ActiveCfg = Release|Any CPU
		{8A2F8F51-3DDD-45E4-BF76-2D52D604DB64}.Release|Any CPU.Build.0 = Release|Any CPU
	EndGlobalSection
	GlobalSection(SolutionProperties) = preSolution
		HideSolutionNode = FALSE
	EndGlobalSection
	GlobalSection(ExtensibilityGlobals) = postSolution
		SolutionGuid = {DC6A0AF3-E782-4F4F-B51A-5DA194FFD238}
	EndGlobalSection
EndGlobal
